
Microsoft Visual Studio Solution File, Format Version 12.00
# Visual Studio Version 17
VisualStudioVersion = 17.2.32630.192
MinimumVisualStudioVersion = 10.0.40219.1
Project("{9A19103F-16F7-4668-BE54-9A1E7A4F7556}") = "MicroApplicationFramework", "src\MicroApplicationFramework\MicroApplicationFramework.csproj", "{871BA264-C0F0-461F-A335-B3F52104C53E}"
EndProject
Project("{9A19103F-16F7-4668-BE54-9A1E7A4F7556}") = "MicroApplicationFrameworkExample", "src\MicroApplicationFrameworkExample\MicroApplicationFrameworkExample.csproj", "{8E980157-0518-4A79-8A30-32396C599EC1}"
EndProject
Project("{9A19103F-16F7-4668-BE54-9A1E7A4F7556}") = "MicroApplicationFrameworkTests", "test\MicroApplicationFrameworkTests\MicroApplicationFrameworkTests.csproj", "{DCC59B59-F675-4076-8779-3D6C376A80A0}"
EndProject
Global
	GlobalSection(SolutionConfigurationPlatforms) = preSolution
		Debug|Any CPU = Debug|Any CPU
		Release|Any CPU = Release|Any CPU
	EndGlobalSection
	GlobalSection(ProjectConfigurationPlatforms) = postSolution
		{871BA264-C0F0-461F-A335-B3F52104C53E}.Debug|Any CPU.ActiveCfg = Debug|Any CPU
		{871BA264-C0F0-461F-A335-B3F52104C53E}.Debug|Any CPU.Build.0 = Debug|Any CPU
		{871BA264-C0F0-461F-A335-B3F52104C53E}.Release|Any CPU.ActiveCfg = Release|Any CPU
		{871BA264-C0F0-461F-A335-B3F52104C53E}.Release|Any CPU.Build.0 = Release|Any CPU
		{8E980157-0518-4A79-8A30-32396C599EC1}.Debug|Any CPU.ActiveCfg = Debug|Any CPU
		{8E980157-0518-4A79-8A30-32396C599EC1}.Debug|Any CPU.Build.0 = Debug|Any CPU
		{8E980157-0518-4A79-8A30-32396C599EC1}.Release|Any CPU.ActiveCfg = Release|Any CPU
		{8E980157-0518-4A79-8A30-32396C599EC1}.Release|Any CPU.Build.0 = Release|Any CPU
		{DCC59B59-F675-4076-8779-3D6C376A80A0}.Debug|Any CPU.ActiveCfg = Debug|Any CPU
		{DCC59B59-F675-4076-8779-3D6C376A80A0}.Debug|Any CPU.Build.0 = Debug|Any CPU
		{DCC59B59-F675-4076-8779-3D6C376A80A0}.Release|Any CPU.ActiveCfg = Release|Any CPU
		{DCC59B59-F675-4076-8779-3D6C376A80A0}.Release|Any CPU.Build.0 = Release|Any CPU
	EndGlobalSection
	GlobalSection(SolutionProperties) = preSolution
		HideSolutionNode = FALSE
	EndGlobalSection
	GlobalSection(ExtensibilityGlobals) = postSolution
		SolutionGuid = {12EF50BA-1D21-4E92-AAE4-098B0A65530A}
	EndGlobalSection
EndGlobal
